# THIS IS AN AUTOGENERATED FILE. DO NOT EDIT THIS FILE DIRECTLY.
# yarn lockfile v1


"@babel/runtime@^7.10.5", "@babel/runtime@^7.7.2":
  version "7.24.8"
  resolved "https://registry.yarnpkg.com/@babel/runtime/-/runtime-7.24.8.tgz#5d958c3827b13cc6d05e038c07fb2e5e3420d82e"
  integrity sha512-5F7SDGs1T72ZczbRwbGO9lQi0NLjQxzl6i4lJxLxfW9U5UluCSyEJeniWvnhl3/euNiqQVbo8zruhsDfid0esA==
  dependencies:
    regenerator-runtime "^0.14.0"

cookie-parser@^1.4.6:
  version "1.4.6"
  resolved "https://registry.yarnpkg.com/cookie-parser/-/cookie-parser-1.4.6.tgz#3ac3a7d35a7a03bbc7e365073a26074824214594"
  integrity sha512-z3IzaNjdwUC2olLIB5/ITd0/setiaFMLYiZJle7xg5Fe9KWAceil7xszYfHHBtDFYLSgJduS2Ty0P1uJdPDJeA==
  dependencies:
    cookie "0.4.1"
    cookie-signature "1.0.6"

cookie-signature@1.0.6:
  version "1.0.6"
  resolved "https://registry.yarnpkg.com/cookie-signature/-/cookie-signature-1.0.6.tgz#e303a882b342cc3ee8ca513a79999734dab3ae2c"
  integrity sha512-QADzlaHc8icV8I7vbaJXJwod9HWYp8uCqf1xa4OfNu1T7JVxQIrUgOWtHdNDtPiywmFbiS12VjotIXLrKM3orQ==

cookie@0.4.1:
  version "0.4.1"
  resolved "https://registry.yarnpkg.com/cookie/-/cookie-0.4.1.tgz#afd713fe26ebd21ba95ceb61f9a8116e50a537d1"
  integrity sha512-ZwrFkGJxUR3EIoXtO+yVE69Eb7KlixbaeAWfBQB9vVsNn/o+Yw69gBWSSDK825hQNdN+wF8zELf3dFNl/kxkUA==

import-html-entry@^1.15.1:
  version "1.17.0"
  resolved "https://registry.yarnpkg.com/import-html-entry/-/import-html-entry-1.17.0.tgz#65211779b4ebf5a25200308bf0cbc6f831d5e4e1"
  integrity sha512-2SDsRlGlE8bqdnGqsOyiDPEWlzJR0jNW4LWopnZl5QE1Yd0nJ7fykWo2GaKUF7Jq7pR0g3dElhuJHyamTt1gPQ==
  dependencies:
    "@babel/runtime" "^7.7.2"

lodash@^4.17.11:
  version "4.17.21"
  resolved "https://registry.yarnpkg.com/lodash/-/lodash-4.17.21.tgz#679591c564c3bffaae8454cf0b3df370c3d6911c"
  integrity sha512-v2kDEe57lecTulaDIuNTPy3Ry4gLGJ6Z1O3vE1krgXZNrsQ+LFTGHVxVjcXPs17LhbZVGedAJv8XZ1tvj5FvSg==

qiankun@^2.10.16:
  version "2.10.16"
  resolved "https://registry.yarnpkg.com/qiankun/-/qiankun-2.10.16.tgz#46a7ee69258ec0ce2a190dd548683cca71b7767a"
  integrity sha512-Q3tSVUrPnzx8ckEOKIoPnhb5LE28FPKyan/r6jEuGJGqTbIy+3rp6E2/KfU82ZI4yZpef9LFTrnxdj49jAEsmw==
  dependencies:
    "@babel/runtime" "^7.10.5"
    import-html-entry "^1.15.1"
    lodash "^4.17.11"
    single-spa "^5.9.2"

regenerator-runtime@^0.14.0:
  version "0.14.1"
  resolved "https://registry.yarnpkg.com/regenerator-runtime/-/regenerator-runtime-0.14.1.tgz#356ade10263f685dda125100cd862c1db895327f"
  integrity sha512-dYnhHh0nJoMfnkZs6GmmhFknAGRrLznOu5nc9ML+EJxGvrx6H7teuevqVqCuPcPK//3eDrrjQhehXVx9cnkGdw==

single-spa@^5.9.2:
  version "5.9.5"
  resolved "https://registry.yarnpkg.com/single-spa/-/single-spa-5.9.5.tgz#f47b3c91b009ebc3b224dd1086ef2b2dac524373"
  integrity sha512-9SQdmsyz4HSP+3gs6PJzhkaMEg+6zTlu9oxIghnwUX3eq+ajq4ft5egl0iyR55LAmO/UwvU8NgIWs/ZyQMa6dw==
